
Microsoft Visual Studio Solution File, Format Version 12.00
# Visual Studio Version 16
VisualStudioVersion = 16.0.29709.97
MinimumVisualStudioVersion = 10.0.40219.1
Project("{FAE04EC0-301F-11D3-BF4B-00C04F79EFBC}") = "DataStructures", "DataStructures\DataStructures.csproj", "{6334E3F4-2372-4871-B39C-9C252510F476}"
EndProject
Global
	GlobalSection(SolutionConfigurationPlatforms) = preSolution
		Debug|Any CPU = Debug|Any CPU
		Release|Any CPU = Release|Any CPU
	EndGlobalSection
	GlobalSection(ProjectConfigurationPlatforms) = postSolution
		{6334E3F4-2372-4871-B39C-9C252510F476}.Debug|Any CPU.ActiveCfg = Debug|Any CPU
		{6334E3F4-2372-4871-B39C-9C252510F476}.Debug|Any CPU.Build.0 = Debug|Any CPU
		{6334E3F4-2372-4871-B39C-9C252510F476}.Release|Any CPU.ActiveCfg = Release|Any CPU
		{6334E3F4-2372-4871-B39C-9C252510F476}.Release|Any CPU.Build.0 = Release|Any CPU
	EndGlobalSection
	GlobalSection(SolutionProperties) = preSolution
		HideSolutionNode = FALSE
	EndGlobalSection
	GlobalSection(ExtensibilityGlobals) = postSolution
		SolutionGuid = {576B4317-D2DE-46FF-9941-52ABA1022882}
	EndGlobalSection
EndGlobal
